
Microsoft Visual Studio Solution File, Format Version 12.00
# Visual Studio Version 17
VisualStudioVersion = 17.11.35219.272
MinimumVisualStudioVersion = 10.0.40219.1
Project("{9A19103F-16F7-4668-BE54-9A1E7A4F7556}") = "OrderService", "OrderService\OrderService.csproj", "{370412CB-ABA7-41CE-A77D-00E1B0DDAABA}"
EndProject
Project("{9A19103F-16F7-4668-BE54-9A1E7A4F7556}") = "ShippingService", "ShippingService\ShippingService.csproj", "{EE665DEA-9610-401B-8A1D-8C426273892A}"
EndProject
Project("{9A19103F-16F7-4668-BE54-9A1E7A4F7556}") = "SharedMessages", "SharedMessages\SharedMessages.csproj", "{8537FD34-D93A-4C25-9128-CC0269E04995}"
EndProject
Global
	GlobalSection(SolutionConfigurationPlatforms) = preSolution
		Debug|Any CPU = Debug|Any CPU
		Release|Any CPU = Release|Any CPU
	EndGlobalSection
	GlobalSection(ProjectConfigurationPlatforms) = postSolution
		{370412CB-ABA7-41CE-A77D-00E1B0DDAABA}.Debug|Any CPU.ActiveCfg = Debug|Any CPU
		{370412CB-ABA7-41CE-A77D-00E1B0DDAABA}.Release|Any CPU.ActiveCfg = Release|Any CPU
		{370412CB-ABA7-41CE-A77D-00E1B0DDAABA}.Release|Any CPU.Build.0 = Release|Any CPU
		{EE665DEA-9610-401B-8A1D-8C426273892A}.Debug|Any CPU.ActiveCfg = Debug|Any CPU
		{EE665DEA-9610-401B-8A1D-8C426273892A}.Release|Any CPU.ActiveCfg = Release|Any CPU
		{EE665DEA-9610-401B-8A1D-8C426273892A}.Release|Any CPU.Build.0 = Release|Any CPU
		{8537FD34-D93A-4C25-9128-CC0269E04995}.Debug|Any CPU.ActiveCfg = Debug|Any CPU
		{8537FD34-D93A-4C25-9128-CC0269E04995}.Release|Any CPU.ActiveCfg = Release|Any CPU
		{8537FD34-D93A-4C25-9128-CC0269E04995}.Release|Any CPU.Build.0 = Release|Any CPU
	EndGlobalSection
	GlobalSection(SolutionProperties) = preSolution
		HideSolutionNode = FALSE
	EndGlobalSection
	GlobalSection(ExtensibilityGlobals) = postSolution
		SolutionGuid = {DD686087-70A0-40C4-8784-CE48DF213A62}
	EndGlobalSection
EndGlobal
